
Microsoft Visual Studio Solution File, Format Version 12.00
# Visual Studio 15
VisualStudioVersion = 15.0.28010.2050
MinimumVisualStudioVersion = 10.0.40219.1
Project("{FAE04EC0-301F-11D3-BF4B-00C04F79EFBC}") = "CryptoService", "CryptoService\CryptoService.csproj", "{19B3C3F1-2B1F-43CA-8C93-A3BA686F4191}"
EndProject
Project("{FAE04EC0-301F-11D3-BF4B-00C04F79EFBC}") = "CryptoLibrary", "CryptoLibrary\CryptoLibrary.csproj", "{B7BA2921-29F0-4C6E-8D71-7A1932A28E51}"
EndProject
Project("{FAE04EC0-301F-11D3-BF4B-00C04F79EFBC}") = "CryptoClient", "CryptoClient\CryptoClient.csproj", "{0E8D70BE-BA3A-4E72-B409-28D0302D1882}"
EndProject
Global
	GlobalSection(SolutionConfigurationPlatforms) = preSolution
		Debug|Any CPU = Debug|Any CPU
		Release|Any CPU = Release|Any CPU
	EndGlobalSection
	GlobalSection(ProjectConfigurationPlatforms) = postSolution
		{19B3C3F1-2B1F-43CA-8C93-A3BA686F4191}.Debug|Any CPU.ActiveCfg = Debug|Any CPU
		{19B3C3F1-2B1F-43CA-8C93-A3BA686F4191}.Debug|Any CPU.Build.0 = Debug|Any CPU
		{19B3C3F1-2B1F-43CA-8C93-A3BA686F4191}.Release|Any CPU.ActiveCfg = Release|Any CPU
		{19B3C3F1-2B1F-43CA-8C93-A3BA686F4191}.Release|Any CPU.Build.0 = Release|Any CPU
		{B7BA2921-29F0-4C6E-8D71-7A1932A28E51}.Debug|Any CPU.ActiveCfg = Debug|Any CPU
		{B7BA2921-29F0-4C6E-8D71-7A1932A28E51}.Debug|Any CPU.Build.0 = Debug|Any CPU
		{B7BA2921-29F0-4C6E-8D71-7A1932A28E51}.Release|Any CPU.ActiveCfg = Release|Any CPU
		{B7BA2921-29F0-4C6E-8D71-7A1932A28E51}.Release|Any CPU.Build.0 = Release|Any CPU
		{0E8D70BE-BA3A-4E72-B409-28D0302D1882}.Debug|Any CPU.ActiveCfg = Debug|Any CPU
		{0E8D70BE-BA3A-4E72-B409-28D0302D1882}.Debug|Any CPU.Build.0 = Debug|Any CPU
		{0E8D70BE-BA3A-4E72-B409-28D0302D1882}.Release|Any CPU.ActiveCfg = Release|Any CPU
		{0E8D70BE-BA3A-4E72-B409-28D0302D1882}.Release|Any CPU.Build.0 = Release|Any CPU
	EndGlobalSection
	GlobalSection(SolutionProperties) = preSolution
		HideSolutionNode = FALSE
	EndGlobalSection
	GlobalSection(ExtensibilityGlobals) = postSolution
		SolutionGuid = {B8F6DFB8-B4ED-4825-9DD3-64E1AF006916}
	EndGlobalSection
EndGlobal
